
Microsoft Visual Studio Solution File, Format Version 12.00
# Visual Studio Version 17
VisualStudioVersion = 17.5.002.0
MinimumVisualStudioVersion = 10.0.40219.1
Project("{9A19103F-16F7-4668-BE54-9A1E7A4F7556}") = "0-positive_or_negative", "0-positive_or_negative.csproj", "{B5462946-6DF2-4E0B-B264-6C2975BF169C}"
EndProject
Global
	GlobalSection(SolutionConfigurationPlatforms) = preSolution
		Debug|Any CPU = Debug|Any CPU
		Release|Any CPU = Release|Any CPU
	EndGlobalSection
	GlobalSection(ProjectConfigurationPlatforms) = postSolution
		{B5462946-6DF2-4E0B-B264-6C2975BF169C}.Debug|Any CPU.ActiveCfg = Debug|Any CPU
		{B5462946-6DF2-4E0B-B264-6C2975BF169C}.Debug|Any CPU.Build.0 = Debug|Any CPU
		{B5462946-6DF2-4E0B-B264-6C2975BF169C}.Release|Any CPU.ActiveCfg = Release|Any CPU
		{B5462946-6DF2-4E0B-B264-6C2975BF169C}.Release|Any CPU.Build.0 = Release|Any CPU
	EndGlobalSection
	GlobalSection(SolutionProperties) = preSolution
		HideSolutionNode = FALSE
	EndGlobalSection
	GlobalSection(ExtensibilityGlobals) = postSolution
		SolutionGuid = {5921F961-352A-48AB-A99F-BD1238B68280}
	EndGlobalSection
EndGlobal
