
Microsoft Visual Studio Solution File, Format Version 12.00
# Visual Studio 15
VisualStudioVersion = 15.0.26124.0
MinimumVisualStudioVersion = 15.0.26124.0
Project("{FAE04EC0-301F-11D3-BF4B-00C04F79EFBC}") = "Text", "Text\Text.csproj", "{869687CB-B588-4C13-9602-A3C4FB995481}"
EndProject
Project("{FAE04EC0-301F-11D3-BF4B-00C04F79EFBC}") = "Text.Tests", "Text.Tests\Text.Tests.csproj", "{2A22350C-03B2-44E4-8A43-0E15EFE4D9E8}"
EndProject
Global
	GlobalSection(SolutionConfigurationPlatforms) = preSolution
		Debug|Any CPU = Debug|Any CPU
		Debug|x64 = Debug|x64
		Debug|x86 = Debug|x86
		Release|Any CPU = Release|Any CPU
		Release|x64 = Release|x64
		Release|x86 = Release|x86
	EndGlobalSection
	GlobalSection(SolutionProperties) = preSolution
		HideSolutionNode = FALSE
	EndGlobalSection
	GlobalSection(ProjectConfigurationPlatforms) = postSolution
		{869687CB-B588-4C13-9602-A3C4FB995481}.Debug|Any CPU.ActiveCfg = Debug|Any CPU
		{869687CB-B588-4C13-9602-A3C4FB995481}.Debug|Any CPU.Build.0 = Debug|Any CPU
		{869687CB-B588-4C13-9602-A3C4FB995481}.Debug|x64.ActiveCfg = Debug|Any CPU
		{869687CB-B588-4C13-9602-A3C4FB995481}.Debug|x64.Build.0 = Debug|Any CPU
		{869687CB-B588-4C13-9602-A3C4FB995481}.Debug|x86.ActiveCfg = Debug|Any CPU
		{869687CB-B588-4C13-9602-A3C4FB995481}.Debug|x86.Build.0 = Debug|Any CPU
		{869687CB-B588-4C13-9602-A3C4FB995481}.Release|Any CPU.ActiveCfg = Release|Any CPU
		{869687CB-B588-4C13-9602-A3C4FB995481}.Release|Any CPU.Build.0 = Release|Any CPU
		{869687CB-B588-4C13-9602-A3C4FB995481}.Release|x64.ActiveCfg = Release|Any CPU
		{869687CB-B588-4C13-9602-A3C4FB995481}.Release|x64.Build.0 = Release|Any CPU
		{869687CB-B588-4C13-9602-A3C4FB995481}.Release|x86.ActiveCfg = Release|Any CPU
		{869687CB-B588-4C13-9602-A3C4FB995481}.Release|x86.Build.0 = Release|Any CPU
		{2A22350C-03B2-44E4-8A43-0E15EFE4D9E8}.Debug|Any CPU.ActiveCfg = Debug|Any CPU
		{2A22350C-03B2-44E4-8A43-0E15EFE4D9E8}.Debug|Any CPU.Build.0 = Debug|Any CPU
		{2A22350C-03B2-44E4-8A43-0E15EFE4D9E8}.Debug|x64.ActiveCfg = Debug|Any CPU
		{2A22350C-03B2-44E4-8A43-0E15EFE4D9E8}.Debug|x64.Build.0 = Debug|Any CPU
		{2A22350C-03B2-44E4-8A43-0E15EFE4D9E8}.Debug|x86.ActiveCfg = Debug|Any CPU
		{2A22350C-03B2-44E4-8A43-0E15EFE4D9E8}.Debug|x86.Build.0 = Debug|Any CPU
		{2A22350C-03B2-44E4-8A43-0E15EFE4D9E8}.Release|Any CPU.ActiveCfg = Release|Any CPU
		{2A22350C-03B2-44E4-8A43-0E15EFE4D9E8}.Release|Any CPU.Build.0 = Release|Any CPU
		{2A22350C-03B2-44E4-8A43-0E15EFE4D9E8}.Release|x64.ActiveCfg = Release|Any CPU
		{2A22350C-03B2-44E4-8A43-0E15EFE4D9E8}.Release|x64.Build.0 = Release|Any CPU
		{2A22350C-03B2-44E4-8A43-0E15EFE4D9E8}.Release|x86.ActiveCfg = Release|Any CPU
		{2A22350C-03B2-44E4-8A43-0E15EFE4D9E8}.Release|x86.Build.0 = Release|Any CPU
	EndGlobalSection
EndGlobal
